{
  "originHash" : "d17ee32c29126ace578e02dbefb87d570c433ddabbe0da3271d5e9b5cd44ff80",
  "pins" : [
    {
      "identity" : "swift-log",
      "kind" : "remoteSourceControl",
      "location" : "https://github.com/apple/swift-log.git",
      "state" : {
        "revision" : "96a2f8a0fa41e9e09af4585e2724c4e825410b91",
        "version" : "1.6.2"
      }
    },
    {
      "identity" : "swift-system",
      "kind" : "remoteSourceControl",
      "location" : "https://github.com/apple/swift-system.git",
      "state" : {
        "revision" : "c8a44d836fe7913603e246acab7c528c2e780168",
        "version" : "1.4.0"
      }
    }
  ],
  "version" : 3
}
